// !$*UTF8*$!
{
	archiveVersion = 1;
	classes = {
	};
	objectVersion = 77;
	objects = {

/* Begin PBXContainerItemProxy section */
		E9DEFF112F91EA0E00BE8704 /* PBXContainerItemProxy */ = {
			isa = PBXContainerItemProxy;
			containerPortal = E9DEFEFB2F91EA0C00BE8704 /* Project object */;
			proxyType = 1;
			remoteGlobalIDString = E9DEFF022F91EA0C00BE8704;
			remoteInfo = ball_tracker;
		};
		E9DEFF1B2F91EA0E00BE8704 /* PBXContainerItemProxy */ = {
			isa = PBXContainerItemProxy;
			containerPortal = E9DEFEFB2F91EA0C00BE8704 /* Project object */;
			proxyType = 1;
			remoteGlobalIDString = E9DEFF022F91EA0C00BE8704;
			remoteInfo = ball_tracker;
		};
/* End PBXContainerItemProxy section */

/* Begin PBXFileReference section */
		E9DEFF032F91EA0C00BE8704 /* ball_tracker.app */ = {isa = PBXFileReference; explicitFileType = wrapper.application; includeInIndex = 0; path = ball_tracker.app; sourceTree = BUILT_PRODUCTS_DIR; };
		E9DEFF102F91EA0E00BE8704 /* ball_trackerTests.xctest */ = {isa = PBXFileReference; explicitFileType = wrapper.cfbundle; includeInIndex = 0; path = ball_trackerTests.xctest; sourceTree = BUILT_PRODUCTS_DIR; };
		E9DEFF1A2F91EA0E00BE8704 /* ball_trackerUITests.xctest */ = {isa = PBXFileReference; explicitFileType = wrapper.cfbundle; includeInIndex = 0; path = ball_trackerUITests.xctest; sourceTree = BUILT_PRODUCTS_DIR; };
/* End PBXFileReference section */

/* Begin PBXFileSystemSynchronizedRootGroup section */
		E9DEFF052F91EA0C00BE8704 /* ball_tracker */ = {
			isa = PBXFileSystemSynchronizedRootGroup;
			path = ball_tracker;
			sourceTree = "<group>";
		};
		E9DEFF132F91EA0E00BE8704 /* ball_trackerTests */ = {
			isa = PBXFileSystemSynchronizedRootGroup;
			path = ball_trackerTests;
			sourceTree = "<group>";
		};
		E9DEFF1D2F91EA0E00BE8704 /* ball_trackerUITests */ = {
			isa = PBXFileSystemSynchronizedRootGroup;
			path = ball_trackerUITests;
			sourceTree = "<group>";
		};
/* End PBXFileSystemSynchronizedRootGroup section */

/* Begin PBXFrameworksBuildPhase section */
		E9DEFF002F91EA0C00BE8704 /* Frameworks */ = {
			isa = PBXFrameworksBuildPhase;
			buildActionMask = 2147483647;
			files = (
			);
			runOnlyForDeploymentPostprocessing = 0;
		};
		E9DEFF0D2F91EA0E00BE8704 /* Frameworks */ = {
			isa = PBXFrameworksBuildPhase;
			buildActionMask = 2147483647;
			files = (
			);
			runOnlyForDeploymentPostprocessing = 0;
		};
		E9DEFF172F91EA0E00BE8704 /* Frameworks */ = {
			isa = PBXFrameworksBuildPhase;
			buildActionMask = 2147483647;
			files = (
			);
			runOnlyForDeploymentPostprocessing = 0;
		};
/* End PBXFrameworksBuildPhase section */

/* Begin PBXGroup section */
		E9DEFEFA2F91EA0C00BE8704 = {
			isa = PBXGroup;
			children = (
				E9DEFF052F91EA0C00BE8704 /* ball_tracker */,
				E9DEFF132F91EA0E00BE8704 /* ball_trackerTests */,
				E9DEFF1D2F91EA0E00BE8704 /* ball_trackerUITests */,
				E9DEFF042F91EA0C00BE8704 /* Products */,
			);
			sourceTree = "<group>";
		};
		E9DEFF042F91EA0C00BE8704 /* Products */ = {
			isa = PBXGroup;
			children = (
				E9DEFF032F91EA0C00BE8704 /* ball_tracker.app */,
				E9DEFF102F91EA0E00BE8704 /* ball_trackerTests.xctest */,
				E9DEFF1A2F91EA0E00BE8704 /* ball_trackerUITests.xctest */,
			);
			name = Products;
			sourceTree = "<group>";
		};
/* End PBXGroup section */

/* Begin PBXNativeTarget section */
		E9DEFF022F91EA0C00BE8704 /* ball_tracker */ = {
			isa = PBXNativeTarget;
			buildConfigurationList = E9DEFF242F91EA0E00BE8704 /* Build configuration list for PBXNativeTarget "ball_tracker" */;
			buildPhases = (
				E9DEFEFF2F91EA0C00BE8704 /* Sources */,
				E9DEFF002F91EA0C00BE8704 /* Frameworks */,
				E9DEFF012F91EA0C00BE8704 /* Resources */,
			);
			buildRules = (
			);
			dependencies = (
			);
			fileSystemSynchronizedGroups = (
				E9DEFF052F91EA0C00BE8704 /* ball_tracker */,
			);
			name = ball_tracker;
			packageProductDependencies = (
			);
			productName = ball_tracker;
			productReference = E9DEFF032F91EA0C00BE8704 /* ball_tracker.app */;
			productType = "com.apple.product-type.application";
		};
		E9DEFF0F2F91EA0E00BE8704 /* ball_trackerTests */ = {
			isa = PBXNativeTarget;
			buildConfigurationList = E9DEFF272F91EA0E00BE8704 /* Build configuration list for PBXNativeTarget "ball_trackerTests" */;
			buildPhases = (
				E9DEFF0C2F91EA0E00BE8704 /* Sources */,
				E9DEFF0D2F91EA0E00BE8704 /* Frameworks */,
				E9DEFF0E2F91EA0E00BE8704 /* Resources */,
			);
			buildRules = (
			);
			dependencies = (
				E9DEFF122F91EA0E00BE8704 /* PBXTargetDependency */,
			);
			fileSystemSynchronizedGroups = (
				E9DEFF132F91EA0E00BE8704 /* ball_trackerTests */,
			);
			name = ball_trackerTests;
			packageProductDependencies = (
			);
			productName = ball_trackerTests;
			productReference = E9DEFF102F91EA0E00BE8704 /* ball_trackerTests.xctest */;
			productType = "com.apple.product-type.bundle.unit-test";
		};
		E9DEFF192F91EA0E00BE8704 /* ball_trackerUITests */ = {
			isa = PBXNativeTarget;
			buildConfigurationList = E9DEFF2A2F91EA0E00BE8704 /* Build configuration list for PBXNativeTarget "ball_trackerUITests" */;
			buildPhases = (
				E9DEFF162F91EA0E00BE8704 /* Sources */,
				E9DEFF172F91EA0E00BE8704 /* Frameworks */,
				E9DEFF182F91EA0E00BE8704 /* Resources */,
			);
			buildRules = (
			);
			dependencies = (
				E9DEFF1C2F91EA0E00BE8704 /* PBXTargetDependency */,
			);
			fileSystemSynchronizedGroups = (
				E9DEFF1D2F91EA0E00BE8704 /* ball_trackerUITests */,
			);
			name = ball_trackerUITests;
			packageProductDependencies = (
			);
			productName = ball_trackerUITests;
			productReference = E9DEFF1A2F91EA0E00BE8704 /* ball_trackerUITests.xctest */;
			productType = "com.apple.product-type.bundle.ui-testing";
		};
/* End PBXNativeTarget section */

/* Begin PBXProject section */
		E9DEFEFB2F91EA0C00BE8704 /* Project object */ = {
			isa = PBXProject;
			attributes = {
				BuildIndependentTargetsInParallel = 1;
				LastSwiftUpdateCheck = 2630;
				LastUpgradeCheck = 2630;
				TargetAttributes = {
					E9DEFF022F91EA0C00BE8704 = {
						CreatedOnToolsVersion = 26.3;
					};
					E9DEFF0F2F91EA0E00BE8704 = {
						CreatedOnToolsVersion = 26.3;
						TestTargetID = E9DEFF022F91EA0C00BE8704;
					};
					E9DEFF192F91EA0E00BE8704 = {
						CreatedOnToolsVersion = 26.3;
						TestTargetID = E9DEFF022F91EA0C00BE8704;
					};
				};
			};
			buildConfigurationList = E9DEFEFE2F91EA0C00BE8704 /* Build configuration list for PBXProject "ball_tracker" */;
			developmentRegion = en;
			hasScannedForEncodings = 0;
			knownRegions = (
				en,
				Base,
			);
			mainGroup = E9DEFEFA2F91EA0C00BE8704;
			minimizedProjectReferenceProxies = 1;
			preferredProjectObjectVersion = 77;
			productRefGroup = E9DEFF042F91EA0C00BE8704 /* Products */;
			projectDirPath = "";
			projectRoot = "";
			targets = (
				E9DEFF022F91EA0C00BE8704 /* ball_tracker */,
				E9DEFF0F2F91EA0E00BE8704 /* ball_trackerTests */,
				E9DEFF192F91EA0E00BE8704 /* ball_trackerUITests */,
			);
		};
/* End PBXProject section */

/* Begin PBXResourcesBuildPhase section */
		E9DEFF012F91EA0C00BE8704 /* Resources */ = {
			isa = PBXResourcesBuildPhase;
			buildActionMask = 2147483647;
			files = (
			);
			runOnlyForDeploymentPostprocessing = 0;
		};
		E9DEFF0E2F91EA0E00BE8704 /* Resources */ = {
			isa = PBXResourcesBuildPhase;
			buildActionMask = 2147483647;
			files = (
			);
			runOnlyForDeploymentPostprocessing = 0;
		};
		E9DEFF182F91EA0E00BE8704 /* Resources */ = {
			isa = PBXResourcesBuildPhase;
			buildActionMask = 2147483647;
			files = (
			);
			runOnlyForDeploymentPostprocessing = 0;
		};
/* End PBXResourcesBuildPhase section */

/* Begin PBXSourcesBuildPhase section */
		E9DEFEFF2F91EA0C00BE8704 /* Sources */ = {
			isa = PBXSourcesBuildPhase;
			buildActionMask = 2147483647;
			files = (
			);
			runOnlyForDeploymentPostprocessing = 0;
		};
		E9DEFF0C2F91EA0E00BE8704 /* Sources */ = {
			isa = PBXSourcesBuildPhase;
			buildActionMask = 2147483647;
			files = (
			);
			runOnlyForDeploymentPostprocessing = 0;
		};
		E9DEFF162F91EA0E00BE8704 /* Sources */ = {
			isa = PBXSourcesBuildPhase;
			buildActionMask = 2147483647;
			files = (
			);
			runOnlyForDeploymentPostprocessing = 0;
		};
/* End PBXSourcesBuildPhase section */

/* Begin PBXTargetDependency section */
		E9DEFF122F91EA0E00BE8704 /* PBXTargetDependency */ = {
			isa = PBXTargetDependency;
			target = E9DEFF022F91EA0C00BE8704 /* ball_tracker */;
			targetProxy = E9DEFF112F91EA0E00BE8704 /* PBXContainerItemProxy */;
		};
		E9DEFF1C2F91EA0E00BE8704 /* PBXTargetDependency */ = {
			isa = PBXTargetDependency;
			target = E9DEFF022F91EA0C00BE8704 /* ball_tracker */;
			targetProxy = E9DEFF1B2F91EA0E00BE8704 /* PBXContainerItemProxy */;
		};
/* End PBXTargetDependency section */

/* Begin XCBuildConfiguration section */
		E9DEFF222F91EA0E00BE8704 /* Debug */ = {
			isa = XCBuildConfiguration;
			buildSettings = {
				ALWAYS_SEARCH_USER_PATHS = NO;
				ASSETCATALOG_COMPILER_GENERATE_SWIFT_ASSET_SYMBOL_EXTENSIONS = YES;
				CLANG_ANALYZER_NONNULL = YES;
				CLANG_ANALYZER_NUMBER_OBJECT_CONVERSION = YES_AGGRESSIVE;
				CLANG_CXX_LANGUAGE_STANDARD = "gnu++20";
				CLANG_ENABLE_MODULES = YES;
				CLANG_ENABLE_OBJC_ARC = YES;
				CLANG_ENABLE_OBJC_WEAK = YES;
				CLANG_WARN_BLOCK_CAPTURE_AUTORELEASING = YES;
				CLANG_WARN_BOOL_CONVERSION = YES;
				CLANG_WARN_COMMA = YES;
				CLANG_WARN_CONSTANT_CONVERSION = YES;
				CLANG_WARN_DEPRECATED_OBJC_IMPLEMENTATIONS = YES;
				CLANG_WARN_DIRECT_OBJC_ISA_USAGE = YES_ERROR;
				CLANG_WARN_DOCUMENTATION_COMMENTS = YES;
				CLANG_WARN_EMPTY_BODY = YES;
				CLANG_WARN_ENUM_CONVERSION = YES;
				CLANG_WARN_INFINITE_RECURSION = YES;
				CLANG_WARN_INT_CONVERSION = YES;
				CLANG_WARN_NON_LITERAL_NULL_CONVERSION = YES;
				CLANG_WARN_OBJC_IMPLICIT_RETAIN_SELF = YES;
				CLANG_WARN_OBJC_LITERAL_CONVERSION = YES;
				CLANG_WARN_OBJC_ROOT_CLASS = YES_ERROR;
				CLANG_WARN_QUOTED_INCLUDE_IN_FRAMEWORK_HEADER = YES;
				CLANG_WARN_RANGE_LOOP_ANALYSIS = YES;
				CLANG_WARN_STRICT_PROTOTYPES = YES;
				CLANG_WARN_SUSPICIOUS_MOVE = YES;
				CLANG_WARN_UNGUARDED_AVAILABILITY = YES_AGGRESSIVE;
				CLANG_WARN_UNREACHABLE_CODE = YES;
				CLANG_WARN__DUPLICATE_METHOD_MATCH = YES;
				COPY_PHASE_STRIP = NO;
				DEBUG_INFORMATION_FORMAT = dwarf;
				DEVELOPMENT_TEAM = XNSH5U9FNV;
				ENABLE_STRICT_OBJC_MSGSEND = YES;
				ENABLE_TESTABILITY = YES;
				ENABLE_USER_SCRIPT_SANDBOXING = YES;
				GCC_C_LANGUAGE_STANDARD = gnu17;
				GCC_DYNAMIC_NO_PIC = NO;
				GCC_NO_COMMON_BLOCKS = YES;
				GCC_OPTIMIZATION_LEVEL = 0;
				GCC_PREPROCESSOR_DEFINITIONS = (
					"DEBUG=1",
					"$(inherited)",
				);
				GCC_WARN_64_TO_32_BIT_CONVERSION = YES;
				GCC_WARN_ABOUT_RETURN_TYPE = YES_ERROR;
				GCC_WARN_UNDECLARED_SELECTOR = YES;
				GCC_WARN_UNINITIALIZED_AUTOS = YES_AGGRESSIVE;
				GCC_WARN_UNUSED_FUNCTION = YES;
				GCC_WARN_UNUSED_VARIABLE = YES;
				IPHONEOS_DEPLOYMENT_TARGET = 26.2;
				LOCALIZATION_PREFERS_STRING_CATALOGS = YES;
				MTL_ENABLE_DEBUG_INFO = INCLUDE_SOURCE;
				MTL_FAST_MATH = YES;
				ONLY_ACTIVE_ARCH = YES;
				SDKROOT = iphoneos;
				SWIFT_ACTIVE_COMPILATION_CONDITIONS = "DEBUG $(inherited)";
				SWIFT_OPTIMIZATION_LEVEL = "-Onone";
			};
			name = Debug;
		};
		E9DEFF232F91EA0E00BE8704 /* Release */ = {
			isa = XCBuildConfiguration;
			buildSettings = {
				ALWAYS_SEARCH_USER_PATHS = NO;
				ASSETCATALOG_COMPILER_GENERATE_SWIFT_ASSET_SYMBOL_EXTENSIONS = YES;
				CLANG_ANALYZER_NONNULL = YES;
				CLANG_ANALYZER_NUMBER_OBJECT_CONVERSION = YES_AGGRESSIVE;
				CLANG_CXX_LANGUAGE_STANDARD = "gnu++20";
				CLANG_ENABLE_MODULES = YES;
				CLANG_ENABLE_OBJC_ARC = YES;
				CLANG_ENABLE_OBJC_WEAK = YES;
				CLANG_WARN_BLOCK_CAPTURE_AUTORELEASING = YES;
				CLANG_WARN_BOOL_CONVERSION = YES;
				CLANG_WARN_COMMA = YES;
				CLANG_WARN_CONSTANT_CONVERSION = YES;
				CLANG_WARN_DEPRECATED_OBJC_IMPLEMENTATIONS = YES;
				CLANG_WARN_DIRECT_OBJC_ISA_USAGE = YES_ERROR;
				CLANG_WARN_DOCUMENTATION_COMMENTS = YES;
				CLANG_WARN_EMPTY_BODY = YES;
				CLANG_WARN_ENUM_CONVERSION = YES;
				CLANG_WARN_INFINITE_RECURSION = YES;
				CLANG_WARN_INT_CONVERSION = YES;
				CLANG_WARN_NON_LITERAL_NULL_CONVERSION = YES;
				CLANG_WARN_OBJC_IMPLICIT_RETAIN_SELF = YES;
				CLANG_WARN_OBJC_LITERAL_CONVERSION = YES;
				CLANG_WARN_OBJC_ROOT_CLASS = YES_ERROR;
				CLANG_WARN_QUOTED_INCLUDE_IN_FRAMEWORK_HEADER = YES;
				CLANG_WARN_RANGE_LOOP_ANALYSIS = YES;
				CLANG_WARN_STRICT_PROTOTYPES = YES;
				CLANG_WARN_SUSPICIOUS_MOVE = YES;
				CLANG_WARN_UNGUARDED_AVAILABILITY = YES_AGGRESSIVE;
				CLANG_WARN_UNREACHABLE_CODE = YES;
				CLANG_WARN__DUPLICATE_METHOD_MATCH = YES;
				COPY_PHASE_STRIP = NO;
				DEBUG_INFORMATION_FORMAT = "dwarf-with-dsym";
				DEVELOPMENT_TEAM = XNSH5U9FNV;
				ENABLE_NS_ASSERTIONS = NO;
				ENABLE_STRICT_OBJC_MSGSEND = YES;
				ENABLE_USER_SCRIPT_SANDBOXING = YES;
				GCC_C_LANGUAGE_STANDARD = gnu17;
				GCC_NO_COMMON_BLOCKS = YES;
				GCC_WARN_64_TO_32_BIT_CONVERSION = YES;
				GCC_WARN_ABOUT_RETURN_TYPE = YES_ERROR;
				GCC_WARN_UNDECLARED_SELECTOR = YES;
				GCC_WARN_UNINITIALIZED_AUTOS = YES_AGGRESSIVE;
				GCC_WARN_UNUSED_FUNCTION = YES;
				GCC_WARN_UNUSED_VARIABLE = YES;
				IPHONEOS_DEPLOYMENT_TARGET = 26.2;
				LOCALIZATION_PREFERS_STRING_CATALOGS = YES;
				MTL_ENABLE_DEBUG_INFO = NO;
				MTL_FAST_MATH = YES;
				SDKROOT = iphoneos;
				SWIFT_COMPILATION_MODE = wholemodule;
				VALIDATE_PRODUCT = YES;
			};
			name = Release;
		};
		E9DEFF252F91EA0E00BE8704 /* Debug */ = {
			isa = XCBuildConfiguration;
			buildSettings = {
				ASSETCATALOG_COMPILER_APPICON_NAME = AppIcon;
				ASSETCATALOG_COMPILER_GLOBAL_ACCENT_COLOR_NAME = AccentColor;
				CODE_SIGN_STYLE = Automatic;
				CURRENT_PROJECT_VERSION = 1;
				DEVELOPMENT_TEAM = XNSH5U9FNV;
				ENABLE_PREVIEWS = YES;
				GENERATE_INFOPLIST_FILE = NO;
				INFOPLIST_FILE = Info.plist;
				LD_RUNPATH_SEARCH_PATHS = (
					"$(inherited)",
					"@executable_path/Frameworks",
				);
				MARKETING_VERSION = 1.0;
				PRODUCT_BUNDLE_IDENTIFIER = "com.Max0228.ball-tracker";
				PRODUCT_NAME = "$(TARGET_NAME)";
				STRING_CATALOG_GENERATE_SYMBOLS = YES;
				SWIFT_APPROACHABLE_CONCURRENCY = YES;
				SWIFT_EMIT_LOC_STRINGS = YES;
				SWIFT_UPCOMING_FEATURE_MEMBER_IMPORT_VISIBILITY = YES;
				SWIFT_VERSION = 5.0;
				TARGETED_DEVICE_FAMILY = "1,2";
			};
			name = Debug;
		};
		E9DEFF262F91EA0E00BE8704 /* Release */ = {
			isa = XCBuildConfiguration;
			buildSettings = {
				ASSETCATALOG_COMPILER_APPICON_NAME = AppIcon;
				ASSETCATALOG_COMPILER_GLOBAL_ACCENT_COLOR_NAME = AccentColor;
				CODE_SIGN_STYLE = Automatic;
				CURRENT_PROJECT_VERSION = 1;
				DEVELOPMENT_TEAM = XNSH5U9FNV;
				ENABLE_PREVIEWS = YES;
				GENERATE_INFOPLIST_FILE = NO;
				INFOPLIST_FILE = Info.plist;
				LD_RUNPATH_SEARCH_PATHS = (
					"$(inherited)",
					"@executable_path/Frameworks",
				);
				MARKETING_VERSION = 1.0;
				PRODUCT_BUNDLE_IDENTIFIER = "com.Max0228.ball-tracker";
				PRODUCT_NAME = "$(TARGET_NAME)";
				STRING_CATALOG_GENERATE_SYMBOLS = YES;
				SWIFT_APPROACHABLE_CONCURRENCY = YES;
				SWIFT_EMIT_LOC_STRINGS = YES;
				SWIFT_UPCOMING_FEATURE_MEMBER_IMPORT_VISIBILITY = YES;
				SWIFT_VERSION = 5.0;
				TARGETED_DEVICE_FAMILY = "1,2";
			};
			name = Release;
		};
		E9DEFF282F91EA0E00BE8704 /* Debug */ = {
			isa = XCBuildConfiguration;
			buildSettings = {
				BUNDLE_LOADER = "$(TEST_HOST)";
				CODE_SIGN_STYLE = Automatic;
				CURRENT_PROJECT_VERSION = 1;
				DEVELOPMENT_TEAM = XNSH5U9FNV;
				GENERATE_INFOPLIST_FILE = YES;
				IPHONEOS_DEPLOYMENT_TARGET = 26.2;
				MARKETING_VERSION = 1.0;
				PRODUCT_BUNDLE_IDENTIFIER = "com.Max0228.ball-trackerTests";
				PRODUCT_NAME = "$(TARGET_NAME)";
				STRING_CATALOG_GENERATE_SYMBOLS = NO;
				SWIFT_APPROACHABLE_CONCURRENCY = YES;
				SWIFT_EMIT_LOC_STRINGS = NO;
				SWIFT_UPCOMING_FEATURE_MEMBER_IMPORT_VISIBILITY = YES;
				SWIFT_VERSION = 5.0;
				TARGETED_DEVICE_FAMILY = "1,2";
				TEST_HOST = "$(BUILT_PRODUCTS_DIR)/ball_tracker.app/$(BUNDLE_EXECUTABLE_FOLDER_PATH)/ball_tracker";
			};
			name = Debug;
		};
		E9DEFF292F91EA0E00BE8704 /* Release */ = {
			isa = XCBuildConfiguration;
			buildSettings = {
				BUNDLE_LOADER = "$(TEST_HOST)";
				CODE_SIGN_STYLE = Automatic;
				CURRENT_PROJECT_VERSION = 1;
				DEVELOPMENT_TEAM = XNSH5U9FNV;
				GENERATE_INFOPLIST_FILE = YES;
				IPHONEOS_DEPLOYMENT_TARGET = 26.2;
				MARKETING_VERSION = 1.0;
				PRODUCT_BUNDLE_IDENTIFIER = "com.Max0228.ball-trackerTests";
				PRODUCT_NAME = "$(TARGET_NAME)";
				STRING_CATALOG_GENERATE_SYMBOLS = NO;
				SWIFT_APPROACHABLE_CONCURRENCY = YES;
				SWIFT_EMIT_LOC_STRINGS = NO;
				SWIFT_UPCOMING_FEATURE_MEMBER_IMPORT_VISIBILITY = YES;
				SWIFT_VERSION = 5.0;
				TARGETED_DEVICE_FAMILY = "1,2";
				TEST_HOST = "$(BUILT_PRODUCTS_DIR)/ball_tracker.app/$(BUNDLE_EXECUTABLE_FOLDER_PATH)/ball_tracker";
			};
			name = Release;
		};
		E9DEFF2B2F91EA0E00BE8704 /* Debug */ = {
			isa = XCBuildConfiguration;
			buildSettings = {
				CODE_SIGN_STYLE = Automatic;
				CURRENT_PROJECT_VERSION = 1;
				DEVELOPMENT_TEAM = XNSH5U9FNV;
				GENERATE_INFOPLIST_FILE = YES;
				MARKETING_VERSION = 1.0;
				PRODUCT_BUNDLE_IDENTIFIER = "com.Max0228.ball-trackerUITests";
				PRODUCT_NAME = "$(TARGET_NAME)";
				STRING_CATALOG_GENERATE_SYMBOLS = NO;
				SWIFT_APPROACHABLE_CONCURRENCY = YES;
				SWIFT_EMIT_LOC_STRINGS = NO;
				SWIFT_UPCOMING_FEATURE_MEMBER_IMPORT_VISIBILITY = YES;
				SWIFT_VERSION = 5.0;
				TARGETED_DEVICE_FAMILY = "1,2";
				TEST_TARGET_NAME = ball_tracker;
			};
			name = Debug;
		};
		E9DEFF2C2F91EA0E00BE8704 /* Release */ = {
			isa = XCBuildConfiguration;
			buildSettings = {
				CODE_SIGN_STYLE = Automatic;
				CURRENT_PROJECT_VERSION = 1;
				DEVELOPMENT_TEAM = XNSH5U9FNV;
				GENERATE_INFOPLIST_FILE = YES;
				MARKETING_VERSION = 1.0;
				PRODUCT_BUNDLE_IDENTIFIER = "com.Max0228.ball-trackerUITests";
				PRODUCT_NAME = "$(TARGET_NAME)";
				STRING_CATALOG_GENERATE_SYMBOLS = NO;
				SWIFT_APPROACHABLE_CONCURRENCY = YES;
				SWIFT_EMIT_LOC_STRINGS = NO;
				SWIFT_UPCOMING_FEATURE_MEMBER_IMPORT_VISIBILITY = YES;
				SWIFT_VERSION = 5.0;
				TARGETED_DEVICE_FAMILY = "1,2";
				TEST_TARGET_NAME = ball_tracker;
			};
			name = Release;
		};
/* End XCBuildConfiguration section */

/* Begin XCConfigurationList section */
		E9DEFEFE2F91EA0C00BE8704 /* Build configuration list for PBXProject "ball_tracker" */ = {
			isa = XCConfigurationList;
			buildConfigurations = (
				E9DEFF222F91EA0E00BE8704 /* Debug */,
				E9DEFF232F91EA0E00BE8704 /* Release */,
			);
			defaultConfigurationIsVisible = 0;
			defaultConfigurationName = Release;
		};
		E9DEFF242F91EA0E00BE8704 /* Build configuration list for PBXNativeTarget "ball_tracker" */ = {
			isa = XCConfigurationList;
			buildConfigurations = (
				E9DEFF252F91EA0E00BE8704 /* Debug */,
				E9DEFF262F91EA0E00BE8704 /* Release */,
			);
			defaultConfigurationIsVisible = 0;
			defaultConfigurationName = Release;
		};
		E9DEFF272F91EA0E00BE8704 /* Build configuration list for PBXNativeTarget "ball_trackerTests" */ = {
			isa = XCConfigurationList;
			buildConfigurations = (
				E9DEFF282F91EA0E00BE8704 /* Debug */,
				E9DEFF292F91EA0E00BE8704 /* Release */,
			);
			defaultConfigurationIsVisible = 0;
			defaultConfigurationName = Release;
		};
		E9DEFF2A2F91EA0E00BE8704 /* Build configuration list for PBXNativeTarget "ball_trackerUITests" */ = {
			isa = XCConfigurationList;
			buildConfigurations = (
				E9DEFF2B2F91EA0E00BE8704 /* Debug */,
				E9DEFF2C2F91EA0E00BE8704 /* Release */,
			);
			defaultConfigurationIsVisible = 0;
			defaultConfigurationName = Release;
		};
/* End XCConfigurationList section */
	};
	rootObject = E9DEFEFB2F91EA0C00BE8704 /* Project object */;
}
